# THIS IS AN AUTOGENERATED FILE. DO NOT EDIT THIS FILE DIRECTLY.
# yarn lockfile v1


"@venusprotocol/governance-contracts@^0.0.2":
  version "0.0.2"
  resolved "https://registry.npmmirror.com/@venusprotocol/governance-contracts/-/governance-contracts-0.0.2.tgz#0e85616a95b482e7c2060d4d9a2876b3cea38891"
  integrity sha512-vXZDXxGGQdw9rWWGGAeCHH8iiHa4s5JP6MQomvt8XaPvOFGBFD4paz473/VI0wGeh+wg0LWYAgQsZjGyn51Bkw==
